
Microsoft Visual Studio Solution File, Format Version 12.00
# Visual Studio Version 17
VisualStudioVersion = 17.0.32126.317
MinimumVisualStudioVersion = 10.0.40219.1
Project("{FAE04EC0-301F-11D3-BF4B-00C04F79EFBC}") = "exForm1", "exForm1\exForm1.csproj", "{EC265C6D-C064-4B29-A37A-ADDF0CAE3F98}"
EndProject
Global
	GlobalSection(SolutionConfigurationPlatforms) = preSolution
		Debug|Any CPU = Debug|Any CPU
		Release|Any CPU = Release|Any CPU
	EndGlobalSection
	GlobalSection(ProjectConfigurationPlatforms) = postSolution
		{EC265C6D-C064-4B29-A37A-ADDF0CAE3F98}.Debug|Any CPU.ActiveCfg = Debug|Any CPU
		{EC265C6D-C064-4B29-A37A-ADDF0CAE3F98}.Debug|Any CPU.Build.0 = Debug|Any CPU
		{EC265C6D-C064-4B29-A37A-ADDF0CAE3F98}.Release|Any CPU.ActiveCfg = Release|Any CPU
		{EC265C6D-C064-4B29-A37A-ADDF0CAE3F98}.Release|Any CPU.Build.0 = Release|Any CPU
	EndGlobalSection
	GlobalSection(SolutionProperties) = preSolution
		HideSolutionNode = FALSE
	EndGlobalSection
	GlobalSection(ExtensibilityGlobals) = postSolution
		SolutionGuid = {18207478-6020-4405-9B27-649A3F1A84F2}
	EndGlobalSection
EndGlobal
